
Microsoft Visual Studio Solution File, Format Version 12.00
# Visual Studio Version 17
VisualStudioVersion = 17.1.32228.430
MinimumVisualStudioVersion = 10.0.40219.1
Project("{8BC9CEB8-8B4A-11D0-8D11-00A0C91BC942}") = "midriver", "midriver\midriver.vcxproj", "{CEBC514A-A332-4026-8F8F-84F5466C8042}"
EndProject
Project("{8BC9CEB8-8B4A-11D0-8D11-00A0C91BC942}") = "midriverTest", "midriverTest\midriverTest.vcxproj", "{B9C75E98-E61A-4BC8-A4BA-6E8282097D6B}"
EndProject
Global
	GlobalSection(SolutionConfigurationPlatforms) = preSolution
		Debug|ARM = Debug|ARM
		Debug|ARM64 = Debug|ARM64
		Debug|x64 = Debug|x64
		Debug|x86 = Debug|x86
		Release|ARM = Release|ARM
		Release|ARM64 = Release|ARM64
		Release|x64 = Release|x64
		Release|x86 = Release|x86
	EndGlobalSection
	GlobalSection(ProjectConfigurationPlatforms) = postSolution
		{CEBC514A-A332-4026-8F8F-84F5466C8042}.Debug|ARM.ActiveCfg = Debug|ARM
		{CEBC514A-A332-4026-8F8F-84F5466C8042}.Debug|ARM.Build.0 = Debug|ARM
		{CEBC514A-A332-4026-8F8F-84F5466C8042}.Debug|ARM.Deploy.0 = Debug|ARM
		{CEBC514A-A332-4026-8F8F-84F5466C8042}.Debug|ARM64.ActiveCfg = Debug|ARM64
		{CEBC514A-A332-4026-8F8F-84F5466C8042}.Debug|ARM64.Build.0 = Debug|ARM64
		{CEBC514A-A332-4026-8F8F-84F5466C8042}.Debug|ARM64.Deploy.0 = Debug|ARM64
		{CEBC514A-A332-4026-8F8F-84F5466C8042}.Debug|x64.ActiveCfg = Debug|x64
		{CEBC514A-A332-4026-8F8F-84F5466C8042}.Debug|x64.Build.0 = Debug|x64
		{CEBC514A-A332-4026-8F8F-84F5466C8042}.Debug|x64.Deploy.0 = Debug|x64
		{CEBC514A-A332-4026-8F8F-84F5466C8042}.Debug|x86.ActiveCfg = Debug|x86
		{CEBC514A-A332-4026-8F8F-84F5466C8042}.Debug|x86.Build.0 = Debug|x86
		{CEBC514A-A332-4026-8F8F-84F5466C8042}.Debug|x86.Deploy.0 = Debug|x86
		{CEBC514A-A332-4026-8F8F-84F5466C8042}.Release|ARM.ActiveCfg = Release|ARM
		{CEBC514A-A332-4026-8F8F-84F5466C8042}.Release|ARM.Build.0 = Release|ARM
		{CEBC514A-A332-4026-8F8F-84F5466C8042}.Release|ARM.Deploy.0 = Release|ARM
		{CEBC514A-A332-4026-8F8F-84F5466C8042}.Release|ARM64.ActiveCfg = Release|ARM64
		{CEBC514A-A332-4026-8F8F-84F5466C8042}.Release|ARM64.Build.0 = Release|ARM64
		{CEBC514A-A332-4026-8F8F-84F5466C8042}.Release|ARM64.Deploy.0 = Release|ARM64
		{CEBC514A-A332-4026-8F8F-84F5466C8042}.Release|x64.ActiveCfg = Release|x64
		{CEBC514A-A332-4026-8F8F-84F5466C8042}.Release|x64.Build.0 = Release|x64
		{CEBC514A-A332-4026-8F8F-84F5466C8042}.Release|x64.Deploy.0 = Release|x64
		{CEBC514A-A332-4026-8F8F-84F5466C8042}.Release|x86.ActiveCfg = Release|x86
		{CEBC514A-A332-4026-8F8F-84F5466C8042}.Release|x86.Build.0 = Release|x86
		{CEBC514A-A332-4026-8F8F-84F5466C8042}.Release|x86.Deploy.0 = Release|x86
		{B9C75E98-E61A-4BC8-A4BA-6E8282097D6B}.Debug|ARM.ActiveCfg = Debug|ARM
		{B9C75E98-E61A-4BC8-A4BA-6E8282097D6B}.Debug|ARM.Build.0 = Debug|ARM
		{B9C75E98-E61A-4BC8-A4BA-6E8282097D6B}.Debug|ARM.Deploy.0 = Debug|ARM
		{B9C75E98-E61A-4BC8-A4BA-6E8282097D6B}.Debug|ARM64.ActiveCfg = Debug|ARM64
		{B9C75E98-E61A-4BC8-A4BA-6E8282097D6B}.Debug|ARM64.Build.0 = Debug|ARM64
		{B9C75E98-E61A-4BC8-A4BA-6E8282097D6B}.Debug|ARM64.Deploy.0 = Debug|ARM64
		{B9C75E98-E61A-4BC8-A4BA-6E8282097D6B}.Debug|x64.ActiveCfg = Debug|x64
		{B9C75E98-E61A-4BC8-A4BA-6E8282097D6B}.Debug|x64.Build.0 = Debug|x64
		{B9C75E98-E61A-4BC8-A4BA-6E8282097D6B}.Debug|x64.Deploy.0 = Debug|x64
		{B9C75E98-E61A-4BC8-A4BA-6E8282097D6B}.Debug|x86.ActiveCfg = Debug|x86
		{B9C75E98-E61A-4BC8-A4BA-6E8282097D6B}.Debug|x86.Build.0 = Debug|x86
		{B9C75E98-E61A-4BC8-A4BA-6E8282097D6B}.Debug|x86.Deploy.0 = Debug|x86
		{B9C75E98-E61A-4BC8-A4BA-6E8282097D6B}.Release|ARM.ActiveCfg = Release|ARM
		{B9C75E98-E61A-4BC8-A4BA-6E8282097D6B}.Release|ARM.Build.0 = Release|ARM
		{B9C75E98-E61A-4BC8-A4BA-6E8282097D6B}.Release|ARM.Deploy.0 = Release|ARM
		{B9C75E98-E61A-4BC8-A4BA-6E8282097D6B}.Release|ARM64.ActiveCfg = Release|ARM64
		{B9C75E98-E61A-4BC8-A4BA-6E8282097D6B}.Release|ARM64.Build.0 = Release|ARM64
		{B9C75E98-E61A-4BC8-A4BA-6E8282097D6B}.Release|ARM64.Deploy.0 = Release|ARM64
		{B9C75E98-E61A-4BC8-A4BA-6E8282097D6B}.Release|x64.ActiveCfg = Release|x64
		{B9C75E98-E61A-4BC8-A4BA-6E8282097D6B}.Release|x64.Build.0 = Release|x64
		{B9C75E98-E61A-4BC8-A4BA-6E8282097D6B}.Release|x64.Deploy.0 = Release|x64
		{B9C75E98-E61A-4BC8-A4BA-6E8282097D6B}.Release|x86.ActiveCfg = Release|x86
		{B9C75E98-E61A-4BC8-A4BA-6E8282097D6B}.Release|x86.Build.0 = Release|x86
		{B9C75E98-E61A-4BC8-A4BA-6E8282097D6B}.Release|x86.Deploy.0 = Release|x86
	EndGlobalSection
	GlobalSection(SolutionProperties) = preSolution
		HideSolutionNode = FALSE
	EndGlobalSection
	GlobalSection(ExtensibilityGlobals) = postSolution
		SolutionGuid = {582B207D-B02E-4D9E-9E43-35776790C9AA}
	EndGlobalSection
EndGlobal
